// !$*UTF8*$!
{
	archiveVersion = 1;
	classes = {
	};
	objectVersion = 51;
	objects = {

/* Begin PBXBuildFile section */
		07SM8U2JEVI3E1V4GTHBFGCC /* homeViewPresenterTests.swift in Sources */ = {isa = PBXBuildFile; fileRef = ONQF6IMLQ2O2YEMCD2GC8PHO /* homeViewPresenterTests.swift */; };
		174651CF25DFE6150017D478 /* SceneDelegate.swift in Sources */ = {isa = PBXBuildFile; fileRef = 174651CE25DFE6150017D478 /* SceneDelegate.swift */; };
		174651D625DFE6180017D478 /* Assets.xcassets in Resources */ = {isa = PBXBuildFile; fileRef = 174651D525DFE6180017D478 /* Assets.xcassets */; };
		174651D925DFE6180017D478 /* LaunchScreen.storyboard in Resources */ = {isa = PBXBuildFile; fileRef = 174651D725DFE6180017D478 /* LaunchScreen.storyboard */; };
		174651E425DFE6180017D478 /* GrowersTests.swift in Sources */ = {isa = PBXBuildFile; fileRef = 174651E325DFE6180017D478 /* GrowersTests.swift */; };
		174651EF25DFE6180017D478 /* GrowersUITests.swift in Sources */ = {isa = PBXBuildFile; fileRef = 174651EE25DFE6180017D478 /* GrowersUITests.swift */; };
		1746528725DFE9700017D478 /* Time.swift in Sources */ = {isa = PBXBuildFile; fileRef = 1746526B25DFE9700017D478 /* Time.swift */; };
		1746528825DFE9700017D478 /* UIImage+Util.swift in Sources */ = {isa = PBXBuildFile; fileRef = 1746526D25DFE9700017D478 /* UIImage+Util.swift */; };
		1746528925DFE9700017D478 /* UIView+Util.swift in Sources */ = {isa = PBXBuildFile; fileRef = 1746526E25DFE9700017D478 /* UIView+Util.swift */; };
		1746528A25DFE9700017D478 /* Util.swift in Sources */ = {isa = PBXBuildFile; fileRef = 1746526F25DFE9700017D478 /* Util.swift */; };
		174652C125DFEC5A0017D478 /* GoogleService-Info.plist in Resources */ = {isa = PBXBuildFile; fileRef = 174652C025DFEC5A0017D478 /* GoogleService-Info.plist */; };
		17D181F525E731240088A8B4 /* Transitioner.swift in Sources */ = {isa = PBXBuildFile; fileRef = 17D181F425E731240088A8B4 /* Transitioner.swift */; };
		17D1822925E739280088A8B4 /* Login.storyboard in Resources */ = {isa = PBXBuildFile; fileRef = 17D1822725E739280088A8B4 /* Login.storyboard */; };
		17D1823125E73A2C0088A8B4 /* LoginView.swift in Sources */ = {isa = PBXBuildFile; fileRef = 17D1823025E73A2C0088A8B4 /* LoginView.swift */; };
		17D1823725E772150088A8B4 /* Authentication.swift in Sources */ = {isa = PBXBuildFile; fileRef = 17D1823625E772150088A8B4 /* Authentication.swift */; };
		17D183AD25ECB9630088A8B4 /* CloudFirebaseWrite.swift in Sources */ = {isa = PBXBuildFile; fileRef = 17D183AC25ECB9630088A8B4 /* CloudFirebaseWrite.swift */; };
		17D183C325EDFAE80088A8B4 /* AppDelegate.swift in Sources */ = {isa = PBXBuildFile; fileRef = 17D183C225EDFAE80088A8B4 /* AppDelegate.swift */; };
		17D183C825EDFAF40088A8B4 /* AppRouter.swift in Sources */ = {isa = PBXBuildFile; fileRef = 17D183C725EDFAF40088A8B4 /* AppRouter.swift */; };
		1GDN3C8X6R7KWXCA90ZNHE25 /* commentRouter.swift in Sources */ = {isa = PBXBuildFile; fileRef = KWV04E01PPNT1B1GM9B9YQBI /* commentRouter.swift */; };
		2AFED793FA7615CDCC1AF76B /* Pods_Growers_GrowersUITests.framework in Frameworks */ = {isa = PBXBuildFile; fileRef = DCB5BEDD7DF802E06F4FB3F0 /* Pods_Growers_GrowersUITests.framework */; };
		3BI4WG1B0HHF7HZ382JIY04R /* homeRouter.swift in Sources */ = {isa = PBXBuildFile; fileRef = 6ESRUYA9QA8JGZ353JPIX6V4 /* homeRouter.swift */; };
		4C5DD402409C6BE9B6893688 /* Pods_Growers.framework in Frameworks */ = {isa = PBXBuildFile; fileRef = F023D77699D0EC5927E07CFD /* Pods_Growers.framework */; };
		53PV0LDRM1V1FH82JLVA8F1D /* homeViewPresenter.swift in Sources */ = {isa = PBXBuildFile; fileRef = LS4ZRCPGI0ZPVTOCAKOB62HN /* homeViewPresenter.swift */; };
		5AR7XGR82VBJDRJSUSFQB3O0 /* homeInteractor.swift in Sources */ = {isa = PBXBuildFile; fileRef = DAL76L3HJPV76NC28URKZDAF /* homeInteractor.swift */; };
		8RM4HKGWDANQW45LCBIMQCOV /* commentInteractor.swift in Sources */ = {isa = PBXBuildFile; fileRef = YNY98DOU4W553QJCI1JS2RUA /* commentInteractor.swift */; };
		AIT3FJCO96XJ4HTSAQKKNSB9 /* commentViewPresenterTests.swift in Sources */ = {isa = PBXBuildFile; fileRef = N3MVE2BPKZT8CE4BWSQ7C1H9 /* commentViewPresenterTests.swift */; };
		D7B84E92A78E24E0846B9D98 /* Pods_GrowersTests.framework in Frameworks */ = {isa = PBXBuildFile; fileRef = 805BBC2019BA6283C04FC2B4 /* Pods_GrowersTests.framework */; };
		ED4G5VFFNLDZ4WXMJYHNF23Z /* LoginInteractorTests.swift in Sources */ = {isa = PBXBuildFile; fileRef = OFHYMZCX3H08ORG8LU0MSM39 /* LoginInteractorTests.swift */; };
		FAQW1E5QV1EMC5Y64P3KLIIS /* homeViewController.swift in Sources */ = {isa = PBXBuildFile; fileRef = POZGS5EZWK7PH9FTFDOW2O4Y /* homeViewController.swift */; };
		FP056M5KQ2Q66I64GY6YOW8D /* LoginViewPresenterTests.swift in Sources */ = {isa = PBXBuildFile; fileRef = 2ST85IDDMSELTM0DCRYNCELX /* LoginViewPresenterTests.swift */; };
		FQM8X9QNC8U5QU3FK4XMJNM4 /* commentViewController.swift in Sources */ = {isa = PBXBuildFile; fileRef = F8SWNE2QSZT8RA2ESUGJOO9P /* commentViewController.swift */; };
		HBLL41DFMTK6MI83N8Z1L96A /* LoginViewPresenter.swift in Sources */ = {isa = PBXBuildFile; fileRef = HV3GWEPI7AOKR96FDTGQ7PZ5 /* LoginViewPresenter.swift */; };
		LA8XR3XF16QMUOL76J539593 /* LoginInteractor.swift in Sources */ = {isa = PBXBuildFile; fileRef = ZGRFS9LFR212505T6Y3EY0C3 /* LoginInteractor.swift */; };
		LCGPGHW7O60E68W0C9AMNB6R /* LoginRouter.swift in Sources */ = {isa = PBXBuildFile; fileRef = 5PIOJ42YXUKFIJWEES60I6G4 /* LoginRouter.swift */; };
		ML6R3N8XEGO66NR5B75E8N2Y /* homeInteractorTests.swift in Sources */ = {isa = PBXBuildFile; fileRef = GSRENT6GUMMJ414YYZK41IMC /* homeInteractorTests.swift */; };
		NZPIEFCJPAKZBDWWS9OZ3UZU /* commentInteractorTests.swift in Sources */ = {isa = PBXBuildFile; fileRef = WSJ9CI31HIQ8ML9X4G2Z16Z7 /* commentInteractorTests.swift */; };
		V8RKQEUNKTY2Y4T919DDA2WC /* commentViewPresenter.swift in Sources */ = {isa = PBXBuildFile; fileRef = 3MZUZFSS3XPXBKLTMZA9TTUF /* commentViewPresenter.swift */; };
/* End PBXBuildFile section */

/* Begin PBXContainerItemProxy section */
		174651E025DFE6180017D478 /* PBXContainerItemProxy */ = {
			isa = PBXContainerItemProxy;
			containerPortal = 174651C125DFE6150017D478 /* Project object */;
			proxyType = 1;
			remoteGlobalIDString = 174651C825DFE6150017D478;
			remoteInfo = Growers;
		};
		174651EB25DFE6180017D478 /* PBXContainerItemProxy */ = {
			isa = PBXContainerItemProxy;
			containerPortal = 174651C125DFE6150017D478 /* Project object */;
			proxyType = 1;
			remoteGlobalIDString = 174651C825DFE6150017D478;
			remoteInfo = Growers;
		};
/* End PBXContainerItemProxy section */

/* Begin PBXFileReference section */
		174651C925DFE6150017D478 /* Growers.app */ = {isa = PBXFileReference; explicitFileType = wrapper.application; includeInIndex = 0; path = Growers.app; sourceTree = BUILT_PRODUCTS_DIR; };
		174651CE25DFE6150017D478 /* SceneDelegate.swift */ = {isa = PBXFileReference; lastKnownFileType = sourcecode.swift; path = SceneDelegate.swift; sourceTree = "<group>"; };
		174651D525DFE6180017D478 /* Assets.xcassets */ = {isa = PBXFileReference; lastKnownFileType = folder.assetcatalog; path = Assets.xcassets; sourceTree = "<group>"; };
		174651D825DFE6180017D478 /* Base */ = {isa = PBXFileReference; lastKnownFileType = file.storyboard; name = Base; path = Base.lproj/LaunchScreen.storyboard; sourceTree = "<group>"; };
		174651DA25DFE6180017D478 /* Info.plist */ = {isa = PBXFileReference; lastKnownFileType = text.plist.xml; path = Info.plist; sourceTree = "<group>"; };
		174651DF25DFE6180017D478 /* GrowersTests.xctest */ = {isa = PBXFileReference; explicitFileType = wrapper.cfbundle; includeInIndex = 0; path = GrowersTests.xctest; sourceTree = BUILT_PRODUCTS_DIR; };
		174651E325DFE6180017D478 /* GrowersTests.swift */ = {isa = PBXFileReference; lastKnownFileType = sourcecode.swift; path = GrowersTests.swift; sourceTree = "<group>"; };
		174651E525DFE6180017D478 /* Info.plist */ = {isa = PBXFileReference; lastKnownFileType = text.plist.xml; path = Info.plist; sourceTree = "<group>"; };
		174651EA25DFE6180017D478 /* GrowersUITests.xctest */ = {isa = PBXFileReference; explicitFileType = wrapper.cfbundle; includeInIndex = 0; path = GrowersUITests.xctest; sourceTree = BUILT_PRODUCTS_DIR; };
		174651EE25DFE6180017D478 /* GrowersUITests.swift */ = {isa = PBXFileReference; lastKnownFileType = sourcecode.swift; path = GrowersUITests.swift; sourceTree = "<group>"; };
		174651F025DFE6180017D478 /* Info.plist */ = {isa = PBXFileReference; lastKnownFileType = text.plist.xml; path = Info.plist; sourceTree = "<group>"; };
		1746526B25DFE9700017D478 /* Time.swift */ = {isa = PBXFileReference; fileEncoding = 4; lastKnownFileType = sourcecode.swift; path = Time.swift; sourceTree = "<group>"; };
		1746526D25DFE9700017D478 /* UIImage+Util.swift */ = {isa = PBXFileReference; fileEncoding = 4; lastKnownFileType = sourcecode.swift; path = "UIImage+Util.swift"; sourceTree = "<group>"; };
		1746526E25DFE9700017D478 /* UIView+Util.swift */ = {isa = PBXFileReference; fileEncoding = 4; lastKnownFileType = sourcecode.swift; path = "UIView+Util.swift"; sourceTree = "<group>"; };
		1746526F25DFE9700017D478 /* Util.swift */ = {isa = PBXFileReference; fileEncoding = 4; lastKnownFileType = sourcecode.swift; path = Util.swift; sourceTree = "<group>"; };
		174652C025DFEC5A0017D478 /* GoogleService-Info.plist */ = {isa = PBXFileReference; fileEncoding = 4; lastKnownFileType = text.plist.xml; path = "GoogleService-Info.plist"; sourceTree = "<group>"; };
		17D181F425E731240088A8B4 /* Transitioner.swift */ = {isa = PBXFileReference; lastKnownFileType = sourcecode.swift; path = Transitioner.swift; sourceTree = "<group>"; };
		17D1822825E739280088A8B4 /* Base */ = {isa = PBXFileReference; lastKnownFileType = file.storyboard; name = Base; path = Views/viewControllers/main/Base.lproj/Login.storyboard; sourceTree = "<group>"; };
		17D1823025E73A2C0088A8B4 /* LoginView.swift */ = {isa = PBXFileReference; fileEncoding = 4; lastKnownFileType = sourcecode.swift; path = LoginView.swift; sourceTree = "<group>"; };
		17D1823625E772150088A8B4 /* Authentication.swift */ = {isa = PBXFileReference; lastKnownFileType = sourcecode.swift; path = Authentication.swift; sourceTree = "<group>"; };
		17D183AC25ECB9630088A8B4 /* CloudFirebaseWrite.swift */ = {isa = PBXFileReference; lastKnownFileType = sourcecode.swift; path = CloudFirebaseWrite.swift; sourceTree = "<group>"; };
		17D183C225EDFAE80088A8B4 /* AppDelegate.swift */ = {isa = PBXFileReference; fileEncoding = 4; lastKnownFileType = sourcecode.swift; path = AppDelegate.swift; sourceTree = "<group>"; };
		17D183C725EDFAF40088A8B4 /* AppRouter.swift */ = {isa = PBXFileReference; fileEncoding = 4; lastKnownFileType = sourcecode.swift; path = AppRouter.swift; sourceTree = "<group>"; };
		2ST85IDDMSELTM0DCRYNCELX /* LoginViewPresenterTests.swift */ = {isa = PBXFileReference; fileEncoding = 4; lastKnownFileType = sourcecode.swift; path = LoginViewPresenterTests.swift; sourceTree = "<group>"; };
		30C582DEB94844FFAA0F6A98 /* Pods-GrowersTests.release.xcconfig */ = {isa = PBXFileReference; includeInIndex = 1; lastKnownFileType = text.xcconfig; name = "Pods-GrowersTests.release.xcconfig"; path = "Target Support Files/Pods-GrowersTests/Pods-GrowersTests.release.xcconfig"; sourceTree = "<group>"; };
		3686A26A9D77E7ACFF9E19FF /* Pods-Growers.debug.xcconfig */ = {isa = PBXFileReference; includeInIndex = 1; lastKnownFileType = text.xcconfig; name = "Pods-Growers.debug.xcconfig"; path = "Target Support Files/Pods-Growers/Pods-Growers.debug.xcconfig"; sourceTree = "<group>"; };
		3MZUZFSS3XPXBKLTMZA9TTUF /* commentViewPresenter.swift */ = {isa = PBXFileReference; fileEncoding = 4; lastKnownFileType = sourcecode.swift; path = commentViewPresenter.swift; sourceTree = "<group>"; };
		5PIOJ42YXUKFIJWEES60I6G4 /* LoginRouter.swift */ = {isa = PBXFileReference; fileEncoding = 4; lastKnownFileType = sourcecode.swift; path = LoginRouter.swift; sourceTree = "<group>"; };
		6ESRUYA9QA8JGZ353JPIX6V4 /* homeRouter.swift */ = {isa = PBXFileReference; fileEncoding = 4; lastKnownFileType = sourcecode.swift; path = homeRouter.swift; sourceTree = "<group>"; };
		7E890C01A60B1B78EF6BB069 /* Pods-Growers-GrowersUITests.release.xcconfig */ = {isa = PBXFileReference; includeInIndex = 1; lastKnownFileType = text.xcconfig; name = "Pods-Growers-GrowersUITests.release.xcconfig"; path = "Target Support Files/Pods-Growers-GrowersUITests/Pods-Growers-GrowersUITests.release.xcconfig"; sourceTree = "<group>"; };
		805BBC2019BA6283C04FC2B4 /* Pods_GrowersTests.framework */ = {isa = PBXFileReference; explicitFileType = wrapper.framework; includeInIndex = 0; path = Pods_GrowersTests.framework; sourceTree = BUILT_PRODUCTS_DIR; };
		B482993CED2EFB1A77FD73A3 /* Pods-GrowersTests.debug.xcconfig */ = {isa = PBXFileReference; includeInIndex = 1; lastKnownFileType = text.xcconfig; name = "Pods-GrowersTests.debug.xcconfig"; path = "Target Support Files/Pods-GrowersTests/Pods-GrowersTests.debug.xcconfig"; sourceTree = "<group>"; };
		CE33EB5443E93655E47F9ABB /* Pods-Growers.release.xcconfig */ = {isa = PBXFileReference; includeInIndex = 1; lastKnownFileType = text.xcconfig; name = "Pods-Growers.release.xcconfig"; path = "Target Support Files/Pods-Growers/Pods-Growers.release.xcconfig"; sourceTree = "<group>"; };
		DAL76L3HJPV76NC28URKZDAF /* homeInteractor.swift */ = {isa = PBXFileReference; fileEncoding = 4; lastKnownFileType = sourcecode.swift; path = homeInteractor.swift; sourceTree = "<group>"; };
		DCB5BEDD7DF802E06F4FB3F0 /* Pods_Growers_GrowersUITests.framework */ = {isa = PBXFileReference; explicitFileType = wrapper.framework; includeInIndex = 0; path = Pods_Growers_GrowersUITests.framework; sourceTree = BUILT_PRODUCTS_DIR; };
		F023D77699D0EC5927E07CFD /* Pods_Growers.framework */ = {isa = PBXFileReference; explicitFileType = wrapper.framework; includeInIndex = 0; path = Pods_Growers.framework; sourceTree = BUILT_PRODUCTS_DIR; };
		F34B7C8AFDEB98AF41BF067D /* Pods-Growers-GrowersUITests.debug.xcconfig */ = {isa = PBXFileReference; includeInIndex = 1; lastKnownFileType = text.xcconfig; name = "Pods-Growers-GrowersUITests.debug.xcconfig"; path = "Target Support Files/Pods-Growers-GrowersUITests/Pods-Growers-GrowersUITests.debug.xcconfig"; sourceTree = "<group>"; };
		F8SWNE2QSZT8RA2ESUGJOO9P /* commentViewController.swift */ = {isa = PBXFileReference; fileEncoding = 4; lastKnownFileType = sourcecode.swift; path = commentViewController.swift; sourceTree = "<group>"; };
		GSRENT6GUMMJ414YYZK41IMC /* homeInteractorTests.swift */ = {isa = PBXFileReference; fileEncoding = 4; lastKnownFileType = sourcecode.swift; path = homeInteractorTests.swift; sourceTree = "<group>"; };
		HV3GWEPI7AOKR96FDTGQ7PZ5 /* LoginViewPresenter.swift */ = {isa = PBXFileReference; fileEncoding = 4; lastKnownFileType = sourcecode.swift; path = LoginViewPresenter.swift; sourceTree = "<group>"; };
		KWV04E01PPNT1B1GM9B9YQBI /* commentRouter.swift */ = {isa = PBXFileReference; fileEncoding = 4; lastKnownFileType = sourcecode.swift; path = commentRouter.swift; sourceTree = "<group>"; };
		LS4ZRCPGI0ZPVTOCAKOB62HN /* homeViewPresenter.swift */ = {isa = PBXFileReference; fileEncoding = 4; lastKnownFileType = sourcecode.swift; path = homeViewPresenter.swift; sourceTree = "<group>"; };
		N3MVE2BPKZT8CE4BWSQ7C1H9 /* commentViewPresenterTests.swift */ = {isa = PBXFileReference; fileEncoding = 4; lastKnownFileType = sourcecode.swift; path = commentViewPresenterTests.swift; sourceTree = "<group>"; };
		OFHYMZCX3H08ORG8LU0MSM39 /* LoginInteractorTests.swift */ = {isa = PBXFileReference; fileEncoding = 4; lastKnownFileType = sourcecode.swift; path = LoginInteractorTests.swift; sourceTree = "<group>"; };
		ONQF6IMLQ2O2YEMCD2GC8PHO /* homeViewPresenterTests.swift */ = {isa = PBXFileReference; fileEncoding = 4; lastKnownFileType = sourcecode.swift; path = homeViewPresenterTests.swift; sourceTree = "<group>"; };
		POZGS5EZWK7PH9FTFDOW2O4Y /* homeViewController.swift */ = {isa = PBXFileReference; fileEncoding = 4; lastKnownFileType = sourcecode.swift; path = homeViewController.swift; sourceTree = "<group>"; };
		WSJ9CI31HIQ8ML9X4G2Z16Z7 /* commentInteractorTests.swift */ = {isa = PBXFileReference; fileEncoding = 4; lastKnownFileType = sourcecode.swift; path = commentInteractorTests.swift; sourceTree = "<group>"; };
		YNY98DOU4W553QJCI1JS2RUA /* commentInteractor.swift */ = {isa = PBXFileReference; fileEncoding = 4; lastKnownFileType = sourcecode.swift; path = commentInteractor.swift; sourceTree = "<group>"; };
		ZGRFS9LFR212505T6Y3EY0C3 /* LoginInteractor.swift */ = {isa = PBXFileReference; fileEncoding = 4; lastKnownFileType = sourcecode.swift; path = LoginInteractor.swift; sourceTree = "<group>"; };
/* End PBXFileReference section */

/* Begin PBXFrameworksBuildPhase section */
		174651C625DFE6150017D478 /* Frameworks */ = {
			isa = PBXFrameworksBuildPhase;
			buildActionMask = 2147483647;
			files = (
				4C5DD402409C6BE9B6893688 /* Pods_Growers.framework in Frameworks */,
			);
			runOnlyForDeploymentPostprocessing = 0;
		};
		174651DC25DFE6180017D478 /* Frameworks */ = {
			isa = PBXFrameworksBuildPhase;
			buildActionMask = 2147483647;
			files = (
				D7B84E92A78E24E0846B9D98 /* Pods_GrowersTests.framework in Frameworks */,
			);
			runOnlyForDeploymentPostprocessing = 0;
		};
		174651E725DFE6180017D478 /* Frameworks */ = {
			isa = PBXFrameworksBuildPhase;
			buildActionMask = 2147483647;
			files = (
				2AFED793FA7615CDCC1AF76B /* Pods_Growers_GrowersUITests.framework in Frameworks */,
			);
			runOnlyForDeploymentPostprocessing = 0;
		};
/* End PBXFrameworksBuildPhase section */

/* Begin PBXGroup section */
		0953QVPAQMXJJX4IL7YLTJDW /* presenterTests */ = {
			isa = PBXGroup;
			children = (
				ONQF6IMLQ2O2YEMCD2GC8PHO /* homeViewPresenterTests.swift */,
			);
			path = presenterTests;
			sourceTree = "<group>";
		};
		0MIFK1SJGRR02AS80WAED8ZU /* comment */ = {
			isa = PBXGroup;
			children = (
				WSJ9CI31HIQ8ML9X4G2Z16Z7 /* commentInteractorTests.swift */,
				YNY98DOU4W553QJCI1JS2RUA /* commentInteractor.swift */,
			);
			path = comment;
			sourceTree = "<group>";
		};
		174651C025DFE6150017D478 = {
			isa = PBXGroup;
			children = (
				174651CB25DFE6150017D478 /* Growers */,
				174651E225DFE6180017D478 /* GrowersTests */,
				174651ED25DFE6180017D478 /* GrowersUITests */,
				174651CA25DFE6150017D478 /* Products */,
				DA3DCC00A5B9435117A98C9A /* Pods */,
				C5497CA1AED08E89F59EAAC1 /* Frameworks */,
			);
			sourceTree = "<group>";
		};
		174651CA25DFE6150017D478 /* Products */ = {
			isa = PBXGroup;
			children = (
				174651C925DFE6150017D478 /* Growers.app */,
				174651DF25DFE6180017D478 /* GrowersTests.xctest */,
				174651EA25DFE6180017D478 /* GrowersUITests.xctest */,
			);
			name = Products;
			sourceTree = "<group>";
		};
		174651CB25DFE6150017D478 /* Growers */ = {
			isa = PBXGroup;
			children = (
				174651CE25DFE6150017D478 /* SceneDelegate.swift */,
				17D183C725EDFAF40088A8B4 /* AppRouter.swift */,
				17D183C225EDFAE80088A8B4 /* AppDelegate.swift */,
				1746526A25DFE9700017D478 /* Utilities */,
				174651D525DFE6180017D478 /* Assets.xcassets */,
				174652C025DFEC5A0017D478 /* GoogleService-Info.plist */,
				174651D725DFE6180017D478 /* LaunchScreen.storyboard */,
				174651DA25DFE6180017D478 /* Info.plist */,
				17D181F425E731240088A8B4 /* Transitioner.swift */,
				17D1822725E739280088A8B4 /* Login.storyboard */,
				LFA6TBWFWM1KURJ1857B6Q9I /* data */,
				B1EEZJC2U381WPRBOEQ4VWY0 /* modules */,
			);
			path = Growers;
			sourceTree = "<group>";
		};
		174651E225DFE6180017D478 /* GrowersTests */ = {
			isa = PBXGroup;
			children = (
				174651E325DFE6180017D478 /* GrowersTests.swift */,
				174651E525DFE6180017D478 /* Info.plist */,
			);
			path = GrowersTests;
			sourceTree = "<group>";
		};
		174651ED25DFE6180017D478 /* GrowersUITests */ = {
			isa = PBXGroup;
			children = (
				174651EE25DFE6180017D478 /* GrowersUITests.swift */,
				174651F025DFE6180017D478 /* Info.plist */,
			);
			path = GrowersUITests;
			sourceTree = "<group>";
		};
		1746526A25DFE9700017D478 /* Utilities */ = {
			isa = PBXGroup;
			children = (
				1746526B25DFE9700017D478 /* Time.swift */,
				1746526C25DFE9700017D478 /* Extensions */,
				1746526F25DFE9700017D478 /* Util.swift */,
			);
			path = Utilities;
			sourceTree = "<group>";
		};
		1746526C25DFE9700017D478 /* Extensions */ = {
			isa = PBXGroup;
			children = (
				1746526D25DFE9700017D478 /* UIImage+Util.swift */,
				1746526E25DFE9700017D478 /* UIView+Util.swift */,
			);
			path = Extensions;
			sourceTree = "<group>";
		};
		17D1823525E771E60088A8B4 /* firebaseAPI */ = {
			isa = PBXGroup;
			children = (
				17D1823625E772150088A8B4 /* Authentication.swift */,
				17D183AC25ECB9630088A8B4 /* CloudFirebaseWrite.swift */,
			);
			path = firebaseAPI;
			sourceTree = "<group>";
		};
		3BS3TMMFL4Q28U7CLOTMCJYM /* presenterTests */ = {
			isa = PBXGroup;
			children = (
				N3MVE2BPKZT8CE4BWSQ7C1H9 /* commentViewPresenterTests.swift */,
			);
			path = presenterTests;
			sourceTree = "<group>";
		};
		9UNU7G7CIWHVYO0TW1UNOZ1N /* home */ = {
			isa = PBXGroup;
			children = (
				GSRENT6GUMMJ414YYZK41IMC /* homeInteractorTests.swift */,
				DAL76L3HJPV76NC28URKZDAF /* homeInteractor.swift */,
			);
			path = home;
			sourceTree = "<group>";
		};
		AI4FMGND37JM4VKIDLRRA4ZU /* router */ = {
			isa = PBXGroup;
			children = (
				5PIOJ42YXUKFIJWEES60I6G4 /* LoginRouter.swift */,
			);
			path = router;
			sourceTree = "<group>";
		};
		B1EEZJC2U381WPRBOEQ4VWY0 /* modules */ = {
			isa = PBXGroup;
			children = (
				17D1823525E771E60088A8B4 /* firebaseAPI */,
				TO5RZ75ZMFRDM5KW21KRQPX6 /* Login */,
				T9IAKDA1H9BMZ730401YUYCJ /* home */,
				MSN5P91JBMKWMSGIYE0OEFW2 /* comment */,
			);
			path = modules;
			sourceTree = "<group>";
		};
		C5497CA1AED08E89F59EAAC1 /* Frameworks */ = {
			isa = PBXGroup;
			children = (
				F023D77699D0EC5927E07CFD /* Pods_Growers.framework */,
				DCB5BEDD7DF802E06F4FB3F0 /* Pods_Growers_GrowersUITests.framework */,
				805BBC2019BA6283C04FC2B4 /* Pods_GrowersTests.framework */,
			);
			name = Frameworks;
			sourceTree = "<group>";
		};
		DA3DCC00A5B9435117A98C9A /* Pods */ = {
			isa = PBXGroup;
			children = (
				3686A26A9D77E7ACFF9E19FF /* Pods-Growers.debug.xcconfig */,
				CE33EB5443E93655E47F9ABB /* Pods-Growers.release.xcconfig */,
				F34B7C8AFDEB98AF41BF067D /* Pods-Growers-GrowersUITests.debug.xcconfig */,
				7E890C01A60B1B78EF6BB069 /* Pods-Growers-GrowersUITests.release.xcconfig */,
				B482993CED2EFB1A77FD73A3 /* Pods-GrowersTests.debug.xcconfig */,
				30C582DEB94844FFAA0F6A98 /* Pods-GrowersTests.release.xcconfig */,
			);
			path = Pods;
			sourceTree = "<group>";
		};
		DOSUTMKBF348C24SDSCAPYDO /* router */ = {
			isa = PBXGroup;
			children = (
				KWV04E01PPNT1B1GM9B9YQBI /* commentRouter.swift */,
			);
			path = router;
			sourceTree = "<group>";
		};
		EOQ5U5WCS2T037VQJIQD3M1G /* presenter */ = {
			isa = PBXGroup;
			children = (
				3MZUZFSS3XPXBKLTMZA9TTUF /* commentViewPresenter.swift */,
			);
			path = presenter;
			sourceTree = "<group>";
		};
		IVAW882TP5OE67KDQHRHVEU7 /* view */ = {
			isa = PBXGroup;
			children = (
				F8SWNE2QSZT8RA2ESUGJOO9P /* commentViewController.swift */,
			);
			path = view;
			sourceTree = "<group>";
		};
		KYY9L9QY61UC5VVTY4C0MBSD /* presenterTests */ = {
			isa = PBXGroup;
			children = (
				2ST85IDDMSELTM0DCRYNCELX /* LoginViewPresenterTests.swift */,
			);
			path = presenterTests;
			sourceTree = "<group>";
		};
		LFA6TBWFWM1KURJ1857B6Q9I /* data */ = {
			isa = PBXGroup;
			children = (
				W8DTXG3XH9QH57TV7Y7QRMDE /* Login */,
				9UNU7G7CIWHVYO0TW1UNOZ1N /* home */,
				0MIFK1SJGRR02AS80WAED8ZU /* comment */,
			);
			path = data;
			sourceTree = "<group>";
		};
		LXC81KYJ2ZH4A02Q3O8QUTTV /* presenter */ = {
			isa = PBXGroup;
			children = (
				LS4ZRCPGI0ZPVTOCAKOB62HN /* homeViewPresenter.swift */,
			);
			path = presenter;
			sourceTree = "<group>";
		};
		MSN5P91JBMKWMSGIYE0OEFW2 /* comment */ = {
			isa = PBXGroup;
			children = (
				EOQ5U5WCS2T037VQJIQD3M1G /* presenter */,
				3BS3TMMFL4Q28U7CLOTMCJYM /* presenterTests */,
				IVAW882TP5OE67KDQHRHVEU7 /* view */,
				DOSUTMKBF348C24SDSCAPYDO /* router */,
			);
			path = comment;
			sourceTree = "<group>";
		};
		T6BTKBG7EBPNP5NSZXFLBFHN /* view */ = {
			isa = PBXGroup;
			children = (
				17D1823025E73A2C0088A8B4 /* LoginView.swift */,
			);
			path = view;
			sourceTree = "<group>";
		};
		T9IAKDA1H9BMZ730401YUYCJ /* home */ = {
			isa = PBXGroup;
			children = (
				LXC81KYJ2ZH4A02Q3O8QUTTV /* presenter */,
				0953QVPAQMXJJX4IL7YLTJDW /* presenterTests */,
				ZI49FCT98V3YL85YSQ6DMY2N /* view */,
				UUXR118SSNSAVKEFGXGJNBBD /* router */,
			);
			path = home;
			sourceTree = "<group>";
		};
		TO5RZ75ZMFRDM5KW21KRQPX6 /* Login */ = {
			isa = PBXGroup;
			children = (
				Y90TQAUFXPLBNM5K3PDK1L8D /* presenter */,
				KYY9L9QY61UC5VVTY4C0MBSD /* presenterTests */,
				T6BTKBG7EBPNP5NSZXFLBFHN /* view */,
				AI4FMGND37JM4VKIDLRRA4ZU /* router */,
			);
			path = Login;
			sourceTree = "<group>";
		};
		UUXR118SSNSAVKEFGXGJNBBD /* router */ = {
			isa = PBXGroup;
			children = (
				6ESRUYA9QA8JGZ353JPIX6V4 /* homeRouter.swift */,
			);
			path = router;
			sourceTree = "<group>";
		};
		W8DTXG3XH9QH57TV7Y7QRMDE /* Login */ = {
			isa = PBXGroup;
			children = (
				OFHYMZCX3H08ORG8LU0MSM39 /* LoginInteractorTests.swift */,
				ZGRFS9LFR212505T6Y3EY0C3 /* LoginInteractor.swift */,
			);
			path = Login;
			sourceTree = "<group>";
		};
		Y90TQAUFXPLBNM5K3PDK1L8D /* presenter */ = {
			isa = PBXGroup;
			children = (
				HV3GWEPI7AOKR96FDTGQ7PZ5 /* LoginViewPresenter.swift */,
			);
			path = presenter;
			sourceTree = "<group>";
		};
		ZI49FCT98V3YL85YSQ6DMY2N /* view */ = {
			isa = PBXGroup;
			children = (
				POZGS5EZWK7PH9FTFDOW2O4Y /* homeViewController.swift */,
			);
			path = view;
			sourceTree = "<group>";
		};
/* End PBXGroup section */

/* Begin PBXNativeTarget section */
		174651C825DFE6150017D478 /* Growers */ = {
			isa = PBXNativeTarget;
			buildConfigurationList = 174651F325DFE6180017D478 /* Build configuration list for PBXNativeTarget "Growers" */;
			buildPhases = (
				FABB32442C4076CDFF380DDC /* [CP] Check Pods Manifest.lock */,
				174651C525DFE6150017D478 /* Sources */,
				174651C625DFE6150017D478 /* Frameworks */,
				174651C725DFE6150017D478 /* Resources */,
				0C92640522A79CAC8E109126 /* [CP] Embed Pods Frameworks */,
			);
			buildRules = (
			);
			dependencies = (
			);
			name = Growers;
			productName = Growers;
			productReference = 174651C925DFE6150017D478 /* Growers.app */;
			productType = "com.apple.product-type.application";
		};
		174651DE25DFE6180017D478 /* GrowersTests */ = {
			isa = PBXNativeTarget;
			buildConfigurationList = 174651F625DFE6180017D478 /* Build configuration list for PBXNativeTarget "GrowersTests" */;
			buildPhases = (
				297F59DFB80388F59E876BF1 /* [CP] Check Pods Manifest.lock */,
				174651DB25DFE6180017D478 /* Sources */,
				174651DC25DFE6180017D478 /* Frameworks */,
				174651DD25DFE6180017D478 /* Resources */,
			);
			buildRules = (
			);
			dependencies = (
				174651E125DFE6180017D478 /* PBXTargetDependency */,
			);
			name = GrowersTests;
			productName = GrowersTests;
			productReference = 174651DF25DFE6180017D478 /* GrowersTests.xctest */;
			productType = "com.apple.product-type.bundle.unit-test";
		};
		174651E925DFE6180017D478 /* GrowersUITests */ = {
			isa = PBXNativeTarget;
			buildConfigurationList = 174651F925DFE6180017D478 /* Build configuration list for PBXNativeTarget "GrowersUITests" */;
			buildPhases = (
				09F7921C3EE44F2735F2F551 /* [CP] Check Pods Manifest.lock */,
				174651E625DFE6180017D478 /* Sources */,
				174651E725DFE6180017D478 /* Frameworks */,
				174651E825DFE6180017D478 /* Resources */,
				8A4BCAE15009A92DDC57AC83 /* [CP] Embed Pods Frameworks */,
			);
			buildRules = (
			);
			dependencies = (
				174651EC25DFE6180017D478 /* PBXTargetDependency */,
			);
			name = GrowersUITests;
			productName = GrowersUITests;
			productReference = 174651EA25DFE6180017D478 /* GrowersUITests.xctest */;
			productType = "com.apple.product-type.bundle.ui-testing";
		};
/* End PBXNativeTarget section */

/* Begin PBXProject section */
		174651C125DFE6150017D478 /* Project object */ = {
			isa = PBXProject;
			attributes = {
				LastSwiftUpdateCheck = 1240;
				LastUpgradeCheck = 1240;
				TargetAttributes = {
					174651C825DFE6150017D478 = {
						CreatedOnToolsVersion = 12.4;
					};
					174651DE25DFE6180017D478 = {
						CreatedOnToolsVersion = 12.4;
						TestTargetID = 174651C825DFE6150017D478;
					};
					174651E925DFE6180017D478 = {
						CreatedOnToolsVersion = 12.4;
						TestTargetID = 174651C825DFE6150017D478;
					};
				};
			};
			buildConfigurationList = 174651C425DFE6150017D478 /* Build configuration list for PBXProject "Growers" */;
			compatibilityVersion = "Xcode 9.3";
			developmentRegion = en;
			hasScannedForEncodings = 0;
			knownRegions = (
				en,
				Base,
			);
			mainGroup = 174651C025DFE6150017D478;
			productRefGroup = 174651CA25DFE6150017D478 /* Products */;
			projectDirPath = "";
			projectRoot = "";
			targets = (
				174651C825DFE6150017D478 /* Growers */,
				174651DE25DFE6180017D478 /* GrowersTests */,
				174651E925DFE6180017D478 /* GrowersUITests */,
			);
		};
/* End PBXProject section */

/* Begin PBXResourcesBuildPhase section */
		174651C725DFE6150017D478 /* Resources */ = {
			isa = PBXResourcesBuildPhase;
			buildActionMask = 2147483647;
			files = (
				174652C125DFEC5A0017D478 /* GoogleService-Info.plist in Resources */,
				174651D925DFE6180017D478 /* LaunchScreen.storyboard in Resources */,
				174651D625DFE6180017D478 /* Assets.xcassets in Resources */,
				17D1822925E739280088A8B4 /* Login.storyboard in Resources */,
			);
			runOnlyForDeploymentPostprocessing = 0;
		};
		174651DD25DFE6180017D478 /* Resources */ = {
			isa = PBXResourcesBuildPhase;
			buildActionMask = 2147483647;
			files = (
			);
			runOnlyForDeploymentPostprocessing = 0;
		};
		174651E825DFE6180017D478 /* Resources */ = {
			isa = PBXResourcesBuildPhase;
			buildActionMask = 2147483647;
			files = (
			);
			runOnlyForDeploymentPostprocessing = 0;
		};
/* End PBXResourcesBuildPhase section */

/* Begin PBXShellScriptBuildPhase section */
		09F7921C3EE44F2735F2F551 /* [CP] Check Pods Manifest.lock */ = {
			isa = PBXShellScriptBuildPhase;
			buildActionMask = 2147483647;
			files = (
			);
			inputFileListPaths = (
			);
			inputPaths = (
				"${PODS_PODFILE_DIR_PATH}/Podfile.lock",
				"${PODS_ROOT}/Manifest.lock",
			);
			name = "[CP] Check Pods Manifest.lock";
			outputFileListPaths = (
			);
			outputPaths = (
				"$(DERIVED_FILE_DIR)/Pods-Growers-GrowersUITests-checkManifestLockResult.txt",
			);
			runOnlyForDeploymentPostprocessing = 0;
			shellPath = /bin/sh;
			shellScript = "diff \"${PODS_PODFILE_DIR_PATH}/Podfile.lock\" \"${PODS_ROOT}/Manifest.lock\" > /dev/null\nif [ $? != 0 ] ; then\n    # print error to STDERR\n    echo \"error: The sandbox is not in sync with the Podfile.lock. Run 'pod install' or update your CocoaPods installation.\" >&2\n    exit 1\nfi\n# This output is used by Xcode 'outputs' to avoid re-running this script phase.\necho \"SUCCESS\" > \"${SCRIPT_OUTPUT_FILE_0}\"\n";
			showEnvVarsInLog = 0;
		};
		0C92640522A79CAC8E109126 /* [CP] Embed Pods Frameworks */ = {
			isa = PBXShellScriptBuildPhase;
			buildActionMask = 2147483647;
			files = (
			);
			inputFileListPaths = (
				"${PODS_ROOT}/Target Support Files/Pods-Growers/Pods-Growers-frameworks-${CONFIGURATION}-input-files.xcfilelist",
			);
			name = "[CP] Embed Pods Frameworks";
			outputFileListPaths = (
				"${PODS_ROOT}/Target Support Files/Pods-Growers/Pods-Growers-frameworks-${CONFIGURATION}-output-files.xcfilelist",
			);
			runOnlyForDeploymentPostprocessing = 0;
			shellPath = /bin/sh;
			shellScript = "\"${PODS_ROOT}/Target Support Files/Pods-Growers/Pods-Growers-frameworks.sh\"\n";
			showEnvVarsInLog = 0;
		};
		297F59DFB80388F59E876BF1 /* [CP] Check Pods Manifest.lock */ = {
			isa = PBXShellScriptBuildPhase;
			buildActionMask = 2147483647;
			files = (
			);
			inputFileListPaths = (
			);
			inputPaths = (
				"${PODS_PODFILE_DIR_PATH}/Podfile.lock",
				"${PODS_ROOT}/Manifest.lock",
			);
			name = "[CP] Check Pods Manifest.lock";
			outputFileListPaths = (
			);
			outputPaths = (
				"$(DERIVED_FILE_DIR)/Pods-GrowersTests-checkManifestLockResult.txt",
			);
			runOnlyForDeploymentPostprocessing = 0;
			shellPath = /bin/sh;
			shellScript = "diff \"${PODS_PODFILE_DIR_PATH}/Podfile.lock\" \"${PODS_ROOT}/Manifest.lock\" > /dev/null\nif [ $? != 0 ] ; then\n    # print error to STDERR\n    echo \"error: The sandbox is not in sync with the Podfile.lock. Run 'pod install' or update your CocoaPods installation.\" >&2\n    exit 1\nfi\n# This output is used by Xcode 'outputs' to avoid re-running this script phase.\necho \"SUCCESS\" > \"${SCRIPT_OUTPUT_FILE_0}\"\n";
			showEnvVarsInLog = 0;
		};
		8A4BCAE15009A92DDC57AC83 /* [CP] Embed Pods Frameworks */ = {
			isa = PBXShellScriptBuildPhase;
			buildActionMask = 2147483647;
			files = (
			);
			inputFileListPaths = (
				"${PODS_ROOT}/Target Support Files/Pods-Growers-GrowersUITests/Pods-Growers-GrowersUITests-frameworks-${CONFIGURATION}-input-files.xcfilelist",
			);
			name = "[CP] Embed Pods Frameworks";
			outputFileListPaths = (
				"${PODS_ROOT}/Target Support Files/Pods-Growers-GrowersUITests/Pods-Growers-GrowersUITests-frameworks-${CONFIGURATION}-output-files.xcfilelist",
			);
			runOnlyForDeploymentPostprocessing = 0;
			shellPath = /bin/sh;
			shellScript = "\"${PODS_ROOT}/Target Support Files/Pods-Growers-GrowersUITests/Pods-Growers-GrowersUITests-frameworks.sh\"\n";
			showEnvVarsInLog = 0;
		};
		FABB32442C4076CDFF380DDC /* [CP] Check Pods Manifest.lock */ = {
			isa = PBXShellScriptBuildPhase;
			buildActionMask = 2147483647;
			files = (
			);
			inputFileListPaths = (
			);
			inputPaths = (
				"${PODS_PODFILE_DIR_PATH}/Podfile.lock",
				"${PODS_ROOT}/Manifest.lock",
			);
			name = "[CP] Check Pods Manifest.lock";
			outputFileListPaths = (
			);
			outputPaths = (
				"$(DERIVED_FILE_DIR)/Pods-Growers-checkManifestLockResult.txt",
			);
			runOnlyForDeploymentPostprocessing = 0;
			shellPath = /bin/sh;
			shellScript = "diff \"${PODS_PODFILE_DIR_PATH}/Podfile.lock\" \"${PODS_ROOT}/Manifest.lock\" > /dev/null\nif [ $? != 0 ] ; then\n    # print error to STDERR\n    echo \"error: The sandbox is not in sync with the Podfile.lock. Run 'pod install' or update your CocoaPods installation.\" >&2\n    exit 1\nfi\n# This output is used by Xcode 'outputs' to avoid re-running this script phase.\necho \"SUCCESS\" > \"${SCRIPT_OUTPUT_FILE_0}\"\n";
			showEnvVarsInLog = 0;
		};
/* End PBXShellScriptBuildPhase section */

/* Begin PBXSourcesBuildPhase section */
		174651C525DFE6150017D478 /* Sources */ = {
			isa = PBXSourcesBuildPhase;
			buildActionMask = 2147483647;
			files = (
				1746528725DFE9700017D478 /* Time.swift in Sources */,
				1746528A25DFE9700017D478 /* Util.swift in Sources */,
				17D181F525E731240088A8B4 /* Transitioner.swift in Sources */,
				17D183AD25ECB9630088A8B4 /* CloudFirebaseWrite.swift in Sources */,
				17D1823725E772150088A8B4 /* Authentication.swift in Sources */,
				174651CF25DFE6150017D478 /* SceneDelegate.swift in Sources */,
				1746528825DFE9700017D478 /* UIImage+Util.swift in Sources */,
				17D1823125E73A2C0088A8B4 /* LoginView.swift in Sources */,
				1746528925DFE9700017D478 /* UIView+Util.swift in Sources */,
				HBLL41DFMTK6MI83N8Z1L96A /* LoginViewPresenter.swift in Sources */,
				LA8XR3XF16QMUOL76J539593 /* LoginInteractor.swift in Sources */,
				LCGPGHW7O60E68W0C9AMNB6R /* LoginRouter.swift in Sources */,
				53PV0LDRM1V1FH82JLVA8F1D /* homeViewPresenter.swift in Sources */,
				FAQW1E5QV1EMC5Y64P3KLIIS /* homeViewController.swift in Sources */,
				5AR7XGR82VBJDRJSUSFQB3O0 /* homeInteractor.swift in Sources */,
				3BI4WG1B0HHF7HZ382JIY04R /* homeRouter.swift in Sources */,
				V8RKQEUNKTY2Y4T919DDA2WC /* commentViewPresenter.swift in Sources */,
				FQM8X9QNC8U5QU3FK4XMJNM4 /* commentViewController.swift in Sources */,
				17D183C825EDFAF40088A8B4 /* AppRouter.swift in Sources */,
				17D183C325EDFAE80088A8B4 /* AppDelegate.swift in Sources */,
				8RM4HKGWDANQW45LCBIMQCOV /* commentInteractor.swift in Sources */,
				1GDN3C8X6R7KWXCA90ZNHE25 /* commentRouter.swift in Sources */,
			);
			runOnlyForDeploymentPostprocessing = 0;
		};
		174651DB25DFE6180017D478 /* Sources */ = {
			isa = PBXSourcesBuildPhase;
			buildActionMask = 2147483647;
			files = (
				174651E425DFE6180017D478 /* GrowersTests.swift in Sources */,
				ED4G5VFFNLDZ4WXMJYHNF23Z /* LoginInteractorTests.swift in Sources */,
				FP056M5KQ2Q66I64GY6YOW8D /* LoginViewPresenterTests.swift in Sources */,
				ML6R3N8XEGO66NR5B75E8N2Y /* homeInteractorTests.swift in Sources */,
				07SM8U2JEVI3E1V4GTHBFGCC /* homeViewPresenterTests.swift in Sources */,
				NZPIEFCJPAKZBDWWS9OZ3UZU /* commentInteractorTests.swift in Sources */,
				AIT3FJCO96XJ4HTSAQKKNSB9 /* commentViewPresenterTests.swift in Sources */,
			);
			runOnlyForDeploymentPostprocessing = 0;
		};
		174651E625DFE6180017D478 /* Sources */ = {
			isa = PBXSourcesBuildPhase;
			buildActionMask = 2147483647;
			files = (
				174651EF25DFE6180017D478 /* GrowersUITests.swift in Sources */,
			);
			runOnlyForDeploymentPostprocessing = 0;
		};
/* End PBXSourcesBuildPhase section */

/* Begin PBXTargetDependency section */
		174651E125DFE6180017D478 /* PBXTargetDependency */ = {
			isa = PBXTargetDependency;
			target = 174651C825DFE6150017D478 /* Growers */;
			targetProxy = 174651E025DFE6180017D478 /* PBXContainerItemProxy */;
		};
		174651EC25DFE6180017D478 /* PBXTargetDependency */ = {
			isa = PBXTargetDependency;
			target = 174651C825DFE6150017D478 /* Growers */;
			targetProxy = 174651EB25DFE6180017D478 /* PBXContainerItemProxy */;
		};
/* End PBXTargetDependency section */

/* Begin PBXVariantGroup section */
		174651D725DFE6180017D478 /* LaunchScreen.storyboard */ = {
			isa = PBXVariantGroup;
			children = (
				174651D825DFE6180017D478 /* Base */,
			);
			name = LaunchScreen.storyboard;
			sourceTree = "<group>";
		};
		17D1822725E739280088A8B4 /* Login.storyboard */ = {
			isa = PBXVariantGroup;
			children = (
				17D1822825E739280088A8B4 /* Base */,
			);
			name = Login.storyboard;
			sourceTree = "<group>";
		};
/* End PBXVariantGroup section */

/* Begin XCBuildConfiguration section */
		174651F125DFE6180017D478 /* Debug */ = {
			isa = XCBuildConfiguration;
			buildSettings = {
				ALWAYS_SEARCH_USER_PATHS = NO;
				CLANG_ANALYZER_NONNULL = YES;
				CLANG_ANALYZER_NUMBER_OBJECT_CONVERSION = YES_AGGRESSIVE;
				CLANG_CXX_LANGUAGE_STANDARD = "gnu++14";
				CLANG_CXX_LIBRARY = "libc++";
				CLANG_ENABLE_MODULES = YES;
				CLANG_ENABLE_OBJC_ARC = YES;
				CLANG_ENABLE_OBJC_WEAK = YES;
				CLANG_WARN_BLOCK_CAPTURE_AUTORELEASING = YES;
				CLANG_WARN_BOOL_CONVERSION = YES;
				CLANG_WARN_COMMA = YES;
				CLANG_WARN_CONSTANT_CONVERSION = YES;
				CLANG_WARN_DEPRECATED_OBJC_IMPLEMENTATIONS = YES;
				CLANG_WARN_DIRECT_OBJC_ISA_USAGE = YES_ERROR;
				CLANG_WARN_DOCUMENTATION_COMMENTS = YES;
				CLANG_WARN_EMPTY_BODY = YES;
				CLANG_WARN_ENUM_CONVERSION = YES;
				CLANG_WARN_INFINITE_RECURSION = YES;
				CLANG_WARN_INT_CONVERSION = YES;
				CLANG_WARN_NON_LITERAL_NULL_CONVERSION = YES;
				CLANG_WARN_OBJC_IMPLICIT_RETAIN_SELF = YES;
				CLANG_WARN_OBJC_LITERAL_CONVERSION = YES;
				CLANG_WARN_OBJC_ROOT_CLASS = YES_ERROR;
				CLANG_WARN_QUOTED_INCLUDE_IN_FRAMEWORK_HEADER = YES;
				CLANG_WARN_RANGE_LOOP_ANALYSIS = YES;
				CLANG_WARN_STRICT_PROTOTYPES = YES;
				CLANG_WARN_SUSPICIOUS_MOVE = YES;
				CLANG_WARN_UNGUARDED_AVAILABILITY = YES_AGGRESSIVE;
				CLANG_WARN_UNREACHABLE_CODE = YES;
				CLANG_WARN__DUPLICATE_METHOD_MATCH = YES;
				COPY_PHASE_STRIP = NO;
				DEBUG_INFORMATION_FORMAT = dwarf;
				ENABLE_STRICT_OBJC_MSGSEND = YES;
				ENABLE_TESTABILITY = YES;
				GCC_C_LANGUAGE_STANDARD = gnu11;
				GCC_DYNAMIC_NO_PIC = NO;
				GCC_NO_COMMON_BLOCKS = YES;
				GCC_OPTIMIZATION_LEVEL = 0;
				GCC_PREPROCESSOR_DEFINITIONS = (
					"DEBUG=1",
					"$(inherited)",
				);
				GCC_WARN_64_TO_32_BIT_CONVERSION = YES;
				GCC_WARN_ABOUT_RETURN_TYPE = YES_ERROR;
				GCC_WARN_UNDECLARED_SELECTOR = YES;
				GCC_WARN_UNINITIALIZED_AUTOS = YES_AGGRESSIVE;
				GCC_WARN_UNUSED_FUNCTION = YES;
				GCC_WARN_UNUSED_VARIABLE = YES;
				IPHONEOS_DEPLOYMENT_TARGET = 14.4;
				MTL_ENABLE_DEBUG_INFO = INCLUDE_SOURCE;
				MTL_FAST_MATH = YES;
				ONLY_ACTIVE_ARCH = YES;
				SDKROOT = iphoneos;
				SWIFT_ACTIVE_COMPILATION_CONDITIONS = DEBUG;
				SWIFT_OPTIMIZATION_LEVEL = "-Onone";
			};
			name = Debug;
		};
		174651F225DFE6180017D478 /* Release */ = {
			isa = XCBuildConfiguration;
			buildSettings = {
				ALWAYS_SEARCH_USER_PATHS = NO;
				CLANG_ANALYZER_NONNULL = YES;
				CLANG_ANALYZER_NUMBER_OBJECT_CONVERSION = YES_AGGRESSIVE;
				CLANG_CXX_LANGUAGE_STANDARD = "gnu++14";
				CLANG_CXX_LIBRARY = "libc++";
				CLANG_ENABLE_MODULES = YES;
				CLANG_ENABLE_OBJC_ARC = YES;
				CLANG_ENABLE_OBJC_WEAK = YES;
				CLANG_WARN_BLOCK_CAPTURE_AUTORELEASING = YES;
				CLANG_WARN_BOOL_CONVERSION = YES;
				CLANG_WARN_COMMA = YES;
				CLANG_WARN_CONSTANT_CONVERSION = YES;
				CLANG_WARN_DEPRECATED_OBJC_IMPLEMENTATIONS = YES;
				CLANG_WARN_DIRECT_OBJC_ISA_USAGE = YES_ERROR;
				CLANG_WARN_DOCUMENTATION_COMMENTS = YES;
				CLANG_WARN_EMPTY_BODY = YES;
				CLANG_WARN_ENUM_CONVERSION = YES;
				CLANG_WARN_INFINITE_RECURSION = YES;
				CLANG_WARN_INT_CONVERSION = YES;
				CLANG_WARN_NON_LITERAL_NULL_CONVERSION = YES;
				CLANG_WARN_OBJC_IMPLICIT_RETAIN_SELF = YES;
				CLANG_WARN_OBJC_LITERAL_CONVERSION = YES;
				CLANG_WARN_OBJC_ROOT_CLASS = YES_ERROR;
				CLANG_WARN_QUOTED_INCLUDE_IN_FRAMEWORK_HEADER = YES;
				CLANG_WARN_RANGE_LOOP_ANALYSIS = YES;
				CLANG_WARN_STRICT_PROTOTYPES = YES;
				CLANG_WARN_SUSPICIOUS_MOVE = YES;
				CLANG_WARN_UNGUARDED_AVAILABILITY = YES_AGGRESSIVE;
				CLANG_WARN_UNREACHABLE_CODE = YES;
				CLANG_WARN__DUPLICATE_METHOD_MATCH = YES;
				COPY_PHASE_STRIP = NO;
				DEBUG_INFORMATION_FORMAT = "dwarf-with-dsym";
				ENABLE_NS_ASSERTIONS = NO;
				ENABLE_STRICT_OBJC_MSGSEND = YES;
				GCC_C_LANGUAGE_STANDARD = gnu11;
				GCC_NO_COMMON_BLOCKS = YES;
				GCC_WARN_64_TO_32_BIT_CONVERSION = YES;
				GCC_WARN_ABOUT_RETURN_TYPE = YES_ERROR;
				GCC_WARN_UNDECLARED_SELECTOR = YES;
				GCC_WARN_UNINITIALIZED_AUTOS = YES_AGGRESSIVE;
				GCC_WARN_UNUSED_FUNCTION = YES;
				GCC_WARN_UNUSED_VARIABLE = YES;
				IPHONEOS_DEPLOYMENT_TARGET = 14.4;
				MTL_ENABLE_DEBUG_INFO = NO;
				MTL_FAST_MATH = YES;
				SDKROOT = iphoneos;
				SWIFT_COMPILATION_MODE = wholemodule;
				SWIFT_OPTIMIZATION_LEVEL = "-O";
				VALIDATE_PRODUCT = YES;
			};
			name = Release;
		};
		174651F425DFE6180017D478 /* Debug */ = {
			isa = XCBuildConfiguration;
			baseConfigurationReference = 3686A26A9D77E7ACFF9E19FF /* Pods-Growers.debug.xcconfig */;
			buildSettings = {
				ALWAYS_EMBED_SWIFT_STANDARD_LIBRARIES = "$(inherited)";
				ASSETCATALOG_COMPILER_APPICON_NAME = AppIcon;
				ASSETCATALOG_COMPILER_GLOBAL_ACCENT_COLOR_NAME = AccentColor;
				CODE_SIGN_STYLE = Automatic;
				DEVELOPMENT_TEAM = XA9FF7MS5Q;
				INFOPLIST_FILE = Growers/Info.plist;
				LD_RUNPATH_SEARCH_PATHS = (
					"$(inherited)",
					"@executable_path/Frameworks",
				);
				PRODUCT_BUNDLE_IDENTIFIER = "daina-teranishi.Growers";
				PRODUCT_NAME = "$(TARGET_NAME)";
				SWIFT_VERSION = 5.0;
				TARGETED_DEVICE_FAMILY = "1,2";
			};
			name = Debug;
		};
		174651F525DFE6180017D478 /* Release */ = {
			isa = XCBuildConfiguration;
			baseConfigurationReference = CE33EB5443E93655E47F9ABB /* Pods-Growers.release.xcconfig */;
			buildSettings = {
				ALWAYS_EMBED_SWIFT_STANDARD_LIBRARIES = "$(inherited)";
				ASSETCATALOG_COMPILER_APPICON_NAME = AppIcon;
				ASSETCATALOG_COMPILER_GLOBAL_ACCENT_COLOR_NAME = AccentColor;
				CODE_SIGN_STYLE = Automatic;
				DEVELOPMENT_TEAM = XA9FF7MS5Q;
				INFOPLIST_FILE = Growers/Info.plist;
				LD_RUNPATH_SEARCH_PATHS = (
					"$(inherited)",
					"@executable_path/Frameworks",
				);
				PRODUCT_BUNDLE_IDENTIFIER = "daina-teranishi.Growers";
				PRODUCT_NAME = "$(TARGET_NAME)";
				SWIFT_VERSION = 5.0;
				TARGETED_DEVICE_FAMILY = "1,2";
			};
			name = Release;
		};
		174651F725DFE6180017D478 /* Debug */ = {
			isa = XCBuildConfiguration;
			baseConfigurationReference = B482993CED2EFB1A77FD73A3 /* Pods-GrowersTests.debug.xcconfig */;
			buildSettings = {
				ALWAYS_EMBED_SWIFT_STANDARD_LIBRARIES = "$(inherited)";
				BUNDLE_LOADER = "$(TEST_HOST)";
				CODE_SIGN_STYLE = Automatic;
				DEVELOPMENT_TEAM = XA9FF7MS5Q;
				INFOPLIST_FILE = GrowersTests/Info.plist;
				IPHONEOS_DEPLOYMENT_TARGET = 14.4;
				LD_RUNPATH_SEARCH_PATHS = (
					"$(inherited)",
					"@executable_path/Frameworks",
					"@loader_path/Frameworks",
				);
				PRODUCT_BUNDLE_IDENTIFIER = "daina-teranishi.GrowersTests";
				PRODUCT_NAME = "$(TARGET_NAME)";
				SWIFT_VERSION = 5.0;
				TARGETED_DEVICE_FAMILY = "1,2";
				TEST_HOST = "$(BUILT_PRODUCTS_DIR)/Growers.app/Growers";
			};
			name = Debug;
		};
		174651F825DFE6180017D478 /* Release */ = {
			isa = XCBuildConfiguration;
			baseConfigurationReference = 30C582DEB94844FFAA0F6A98 /* Pods-GrowersTests.release.xcconfig */;
			buildSettings = {
				ALWAYS_EMBED_SWIFT_STANDARD_LIBRARIES = "$(inherited)";
				BUNDLE_LOADER = "$(TEST_HOST)";
				CODE_SIGN_STYLE = Automatic;
				DEVELOPMENT_TEAM = XA9FF7MS5Q;
				INFOPLIST_FILE = GrowersTests/Info.plist;
				IPHONEOS_DEPLOYMENT_TARGET = 14.4;
				LD_RUNPATH_SEARCH_PATHS = (
					"$(inherited)",
					"@executable_path/Frameworks",
					"@loader_path/Frameworks",
				);
				PRODUCT_BUNDLE_IDENTIFIER = "daina-teranishi.GrowersTests";
				PRODUCT_NAME = "$(TARGET_NAME)";
				SWIFT_VERSION = 5.0;
				TARGETED_DEVICE_FAMILY = "1,2";
				TEST_HOST = "$(BUILT_PRODUCTS_DIR)/Growers.app/Growers";
			};
			name = Release;
		};
		174651FA25DFE6180017D478 /* Debug */ = {
			isa = XCBuildConfiguration;
			baseConfigurationReference = F34B7C8AFDEB98AF41BF067D /* Pods-Growers-GrowersUITests.debug.xcconfig */;
			buildSettings = {
				ALWAYS_EMBED_SWIFT_STANDARD_LIBRARIES = "$(inherited)";
				CODE_SIGN_STYLE = Automatic;
				DEVELOPMENT_TEAM = XA9FF7MS5Q;
				INFOPLIST_FILE = GrowersUITests/Info.plist;
				LD_RUNPATH_SEARCH_PATHS = (
					"$(inherited)",
					"@executable_path/Frameworks",
					"@loader_path/Frameworks",
				);
				PRODUCT_BUNDLE_IDENTIFIER = "daina-teranishi.GrowersUITests";
				PRODUCT_NAME = "$(TARGET_NAME)";
				SWIFT_VERSION = 5.0;
				TARGETED_DEVICE_FAMILY = "1,2";
				TEST_TARGET_NAME = Growers;
			};
			name = Debug;
		};
		174651FB25DFE6180017D478 /* Release */ = {
			isa = XCBuildConfiguration;
			baseConfigurationReference = 7E890C01A60B1B78EF6BB069 /* Pods-Growers-GrowersUITests.release.xcconfig */;
			buildSettings = {
				ALWAYS_EMBED_SWIFT_STANDARD_LIBRARIES = "$(inherited)";
				CODE_SIGN_STYLE = Automatic;
				DEVELOPMENT_TEAM = XA9FF7MS5Q;
				INFOPLIST_FILE = GrowersUITests/Info.plist;
				LD_RUNPATH_SEARCH_PATHS = (
					"$(inherited)",
					"@executable_path/Frameworks",
					"@loader_path/Frameworks",
				);
				PRODUCT_BUNDLE_IDENTIFIER = "daina-teranishi.GrowersUITests";
				PRODUCT_NAME = "$(TARGET_NAME)";
				SWIFT_VERSION = 5.0;
				TARGETED_DEVICE_FAMILY = "1,2";
				TEST_TARGET_NAME = Growers;
			};
			name = Release;
		};
/* End XCBuildConfiguration section */

/* Begin XCConfigurationList section */
		174651C425DFE6150017D478 /* Build configuration list for PBXProject "Growers" */ = {
			isa = XCConfigurationList;
			buildConfigurations = (
				174651F125DFE6180017D478 /* Debug */,
				174651F225DFE6180017D478 /* Release */,
			);
			defaultConfigurationIsVisible = 0;
			defaultConfigurationName = Release;
		};
		174651F325DFE6180017D478 /* Build configuration list for PBXNativeTarget "Growers" */ = {
			isa = XCConfigurationList;
			buildConfigurations = (
				174651F425DFE6180017D478 /* Debug */,
				174651F525DFE6180017D478 /* Release */,
			);
			defaultConfigurationIsVisible = 0;
			defaultConfigurationName = Release;
		};
		174651F625DFE6180017D478 /* Build configuration list for PBXNativeTarget "GrowersTests" */ = {
			isa = XCConfigurationList;
			buildConfigurations = (
				174651F725DFE6180017D478 /* Debug */,
				174651F825DFE6180017D478 /* Release */,
			);
			defaultConfigurationIsVisible = 0;
			defaultConfigurationName = Release;
		};
		174651F925DFE6180017D478 /* Build configuration list for PBXNativeTarget "GrowersUITests" */ = {
			isa = XCConfigurationList;
			buildConfigurations = (
				174651FA25DFE6180017D478 /* Debug */,
				174651FB25DFE6180017D478 /* Release */,
			);
			defaultConfigurationIsVisible = 0;
			defaultConfigurationName = Release;
		};
/* End XCConfigurationList section */
	};
	rootObject = 174651C125DFE6150017D478 /* Project object */;
}
